// !$*UTF8*$!
{
	archiveVersion = 1;
	classes = {
	};
	objectVersion = 50;
	objects = {

/* Begin PBXBuildFile section */
		1F06D02C213E07F7002C5140 /* BinaryDecimal.swift in Sources */ = {isa = PBXBuildFile; fileRef = 1F06D02B213E07F7002C5140 /* BinaryDecimal.swift */; };
		1F47811A213889B300DB1CC0 /* AppDelegate.swift in Sources */ = {isa = PBXBuildFile; fileRef = 1F478119213889B300DB1CC0 /* AppDelegate.swift */; };
		1F47811C213889B300DB1CC0 /* ViewController.swift in Sources */ = {isa = PBXBuildFile; fileRef = 1F47811B213889B300DB1CC0 /* ViewController.swift */; };
		1F47811F213889B300DB1CC0 /* Main.storyboard in Resources */ = {isa = PBXBuildFile; fileRef = 1F47811D213889B300DB1CC0 /* Main.storyboard */; };
		1F478121213889B400DB1CC0 /* Assets.xcassets in Resources */ = {isa = PBXBuildFile; fileRef = 1F478120213889B400DB1CC0 /* Assets.xcassets */; };
		1F478124213889B400DB1CC0 /* LaunchScreen.storyboard in Resources */ = {isa = PBXBuildFile; fileRef = 1F478122213889B400DB1CC0 /* LaunchScreen.storyboard */; };
/* End PBXBuildFile section */

/* Begin PBXFileReference section */
		1F06D02B213E07F7002C5140 /* BinaryDecimal.swift */ = {isa = PBXFileReference; lastKnownFileType = sourcecode.swift; path = BinaryDecimal.swift; sourceTree = "<group>"; };
		1F478116213889B300DB1CC0 /* Binary.app */ = {isa = PBXFileReference; explicitFileType = wrapper.application; includeInIndex = 0; path = Binary.app; sourceTree = BUILT_PRODUCTS_DIR; };
		1F478119213889B300DB1CC0 /* AppDelegate.swift */ = {isa = PBXFileReference; lastKnownFileType = sourcecode.swift; path = AppDelegate.swift; sourceTree = "<group>"; };
		1F47811B213889B300DB1CC0 /* ViewController.swift */ = {isa = PBXFileReference; lastKnownFileType = sourcecode.swift; path = ViewController.swift; sourceTree = "<group>"; };
		1F47811E213889B300DB1CC0 /* Base */ = {isa = PBXFileReference; lastKnownFileType = file.storyboard; name = Base; path = Base.lproj/Main.storyboard; sourceTree = "<group>"; };
		1F478120213889B400DB1CC0 /* Assets.xcassets */ = {isa = PBXFileReference; lastKnownFileType = folder.assetcatalog; path = Assets.xcassets; sourceTree = "<group>"; };
		1F478123213889B400DB1CC0 /* Base */ = {isa = PBXFileReference; lastKnownFileType = file.storyboard; name = Base; path = Base.lproj/LaunchScreen.storyboard; sourceTree = "<group>"; };
		1F478125213889B400DB1CC0 /* Info.plist */ = {isa = PBXFileReference; lastKnownFileType = text.plist.xml; path = Info.plist; sourceTree = "<group>"; };
/* End PBXFileReference section */

/* Begin PBXFrameworksBuildPhase section */
		1F478113213889B300DB1CC0 /* Frameworks */ = {
			isa = PBXFrameworksBuildPhase;
			buildActionMask = 2147483647;
			files = (
			);
			runOnlyForDeploymentPostprocessing = 0;
		};
/* End PBXFrameworksBuildPhase section */

/* Begin PBXGroup section */
		1F06D028213E07C5002C5140 /* Controller */ = {
			isa = PBXGroup;
			children = (
				1F47811B213889B300DB1CC0 /* ViewController.swift */,
			);
			path = Controller;
			sourceTree = "<group>";
		};
		1F06D029213E07CE002C5140 /* View */ = {
			isa = PBXGroup;
			children = (
			);
			path = View;
			sourceTree = "<group>";
		};
		1F06D02A213E07D3002C5140 /* Model */ = {
			isa = PBXGroup;
			children = (
				1F06D02B213E07F7002C5140 /* BinaryDecimal.swift */,
			);
			path = Model;
			sourceTree = "<group>";
		};
		1F47810D213889B200DB1CC0 = {
			isa = PBXGroup;
			children = (
				1F478118213889B300DB1CC0 /* Binary */,
				1F478117213889B300DB1CC0 /* Products */,
			);
			sourceTree = "<group>";
		};
		1F478117213889B300DB1CC0 /* Products */ = {
			isa = PBXGroup;
			children = (
				1F478116213889B300DB1CC0 /* Binary.app */,
			);
			name = Products;
			sourceTree = "<group>";
		};
		1F478118213889B300DB1CC0 /* Binary */ = {
			isa = PBXGroup;
			children = (
				1F06D02A213E07D3002C5140 /* Model */,
				1F06D029213E07CE002C5140 /* View */,
				1F06D028213E07C5002C5140 /* Controller */,
				1F478119213889B300DB1CC0 /* AppDelegate.swift */,
				1F47811D213889B300DB1CC0 /* Main.storyboard */,
				1F478120213889B400DB1CC0 /* Assets.xcassets */,
				1F478122213889B400DB1CC0 /* LaunchScreen.storyboard */,
				1F478125213889B400DB1CC0 /* Info.plist */,
			);
			path = Binary;
			sourceTree = "<group>";
		};
/* End PBXGroup section */

/* Begin PBXNativeTarget section */
		1F478115213889B300DB1CC0 /* Binary */ = {
			isa = PBXNativeTarget;
			buildConfigurationList = 1F478128213889B400DB1CC0 /* Build configuration list for PBXNativeTarget "Binary" */;
			buildPhases = (
				1F478112213889B300DB1CC0 /* Sources */,
				1F478113213889B300DB1CC0 /* Frameworks */,
				1F478114213889B300DB1CC0 /* Resources */,
			);
			buildRules = (
			);
			dependencies = (
			);
			name = Binary;
			productName = Binary;
			productReference = 1F478116213889B300DB1CC0 /* Binary.app */;
			productType = "com.apple.product-type.application";
		};
/* End PBXNativeTarget section */

/* Begin PBXProject section */
		1F47810E213889B300DB1CC0 /* Project object */ = {
			isa = PBXProject;
			attributes = {
				LastSwiftUpdateCheck = 0940;
				LastUpgradeCheck = 0940;
				ORGANIZATIONNAME = UpscaleApps;
				TargetAttributes = {
					1F478115213889B300DB1CC0 = {
						CreatedOnToolsVersion = 9.4.1;
					};
				};
			};
			buildConfigurationList = 1F478111213889B300DB1CC0 /* Build configuration list for PBXProject "Binary" */;
			compatibilityVersion = "Xcode 9.3";
			developmentRegion = en;
			hasScannedForEncodings = 0;
			knownRegions = (
				en,
				Base,
			);
			mainGroup = 1F47810D213889B200DB1CC0;
			productRefGroup = 1F478117213889B300DB1CC0 /* Products */;
			projectDirPath = "";
			projectRoot = "";
			targets = (
				1F478115213889B300DB1CC0 /* Binary */,
			);
		};
/* End PBXProject section */

/* Begin PBXResourcesBuildPhase section */
		1F478114213889B300DB1CC0 /* Resources */ = {
			isa = PBXResourcesBuildPhase;
			buildActionMask = 2147483647;
			files = (
				1F478124213889B400DB1CC0 /* LaunchScreen.storyboard in Resources */,
				1F478121213889B400DB1CC0 /* Assets.xcassets in Resources */,
				1F47811F213889B300DB1CC0 /* Main.storyboard in Resources */,
			);
			runOnlyForDeploymentPostprocessing = 0;
		};
/* End PBXResourcesBuildPhase section */

/* Begin PBXSourcesBuildPhase section */
		1F478112213889B300DB1CC0 /* Sources */ = {
			isa = PBXSourcesBuildPhase;
			buildActionMask = 2147483647;
			files = (
				1F06D02C213E07F7002C5140 /* BinaryDecimal.swift in Sources */,
				1F47811C213889B300DB1CC0 /* ViewController.swift in Sources */,
				1F47811A213889B300DB1CC0 /* AppDelegate.swift in Sources */,
			);
			runOnlyForDeploymentPostprocessing = 0;
		};
/* End PBXSourcesBuildPhase section */

/* Begin PBXVariantGroup section */
		1F47811D213889B300DB1CC0 /* Main.storyboard */ = {
			isa = PBXVariantGroup;
			children = (
				1F47811E213889B300DB1CC0 /* Base */,
			);
			name = Main.storyboard;
			sourceTree = "<group>";
		};
		1F478122213889B400DB1CC0 /* LaunchScreen.storyboard */ = {
			isa = PBXVariantGroup;
			children = (
				1F478123213889B400DB1CC0 /* Base */,
			);
			name = LaunchScreen.storyboard;
			sourceTree = "<group>";
		};
/* End PBXVariantGroup section */

/* Begin XCBuildConfiguration section */
		1F478126213889B400DB1CC0 /* Debug */ = {
			isa = XCBuildConfiguration;
			buildSettings = {
				ALWAYS_SEARCH_USER_PATHS = NO;
				CLANG_ANALYZER_NONNULL = YES;
				CLANG_ANALYZER_NUMBER_OBJECT_CONVERSION = YES_AGGRESSIVE;
				CLANG_CXX_LANGUAGE_STANDARD = "gnu++14";
				CLANG_CXX_LIBRARY = "libc++";
				CLANG_ENABLE_MODULES = YES;
				CLANG_ENABLE_OBJC_ARC = YES;
				CLANG_ENABLE_OBJC_WEAK = YES;
				CLANG_WARN_BLOCK_CAPTURE_AUTORELEASING = YES;
				CLANG_WARN_BOOL_CONVERSION = YES;
				CLANG_WARN_COMMA = YES;
				CLANG_WARN_CONSTANT_CONVERSION = YES;
				CLANG_WARN_DEPRECATED_OBJC_IMPLEMENTATIONS = YES;
				CLANG_WARN_DIRECT_OBJC_ISA_USAGE = YES_ERROR;
				CLANG_WARN_DOCUMENTATION_COMMENTS = YES;
				CLANG_WARN_EMPTY_BODY = YES;
				CLANG_WARN_ENUM_CONVERSION = YES;
				CLANG_WARN_INFINITE_RECURSION = YES;
				CLANG_WARN_INT_CONVERSION = YES;
				CLANG_WARN_NON_LITERAL_NULL_CONVERSION = YES;
				CLANG_WARN_OBJC_IMPLICIT_RETAIN_SELF = YES;
				CLANG_WARN_OBJC_LITERAL_CONVERSION = YES;
				CLANG_WARN_OBJC_ROOT_CLASS = YES_ERROR;
				CLANG_WARN_RANGE_LOOP_ANALYSIS = YES;
				CLANG_WARN_STRICT_PROTOTYPES = YES;
				CLANG_WARN_SUSPICIOUS_MOVE = YES;
				CLANG_WARN_UNGUARDED_AVAILABILITY = YES_AGGRESSIVE;
				CLANG_WARN_UNREACHABLE_CODE = YES;
				CLANG_WARN__DUPLICATE_METHOD_MATCH = YES;
				CODE_SIGN_IDENTITY = "iPhone Developer";
				COPY_PHASE_STRIP = NO;
				DEBUG_INFORMATION_FORMAT = dwarf;
				ENABLE_STRICT_OBJC_MSGSEND = YES;
				ENABLE_TESTABILITY = YES;
				GCC_C_LANGUAGE_STANDARD = gnu11;
				GCC_DYNAMIC_NO_PIC = NO;
				GCC_NO_COMMON_BLOCKS = YES;
				GCC_OPTIMIZATION_LEVEL = 0;
				GCC_PREPROCESSOR_DEFINITIONS = (
					"DEBUG=1",
					"$(inherited)",
				);
				GCC_WARN_64_TO_32_BIT_CONVERSION = YES;
				GCC_WARN_ABOUT_RETURN_TYPE = YES_ERROR;
				GCC_WARN_UNDECLARED_SELECTOR = YES;
				GCC_WARN_UNINITIALIZED_AUTOS = YES_AGGRESSIVE;
				GCC_WARN_UNUSED_FUNCTION = YES;
				GCC_WARN_UNUSED_VARIABLE = YES;
				IPHONEOS_DEPLOYMENT_TARGET = 11.4;
				MTL_ENABLE_DEBUG_INFO = YES;
				ONLY_ACTIVE_ARCH = YES;
				SDKROOT = iphoneos;
				SWIFT_ACTIVE_COMPILATION_CONDITIONS = DEBUG;
				SWIFT_OPTIMIZATION_LEVEL = "-Onone";
			};
			name = Debug;
		};
		1F478127213889B400DB1CC0 /* Release */ = {
			isa = XCBuildConfiguration;
			buildSettings = {
				ALWAYS_SEARCH_USER_PATHS = NO;
				CLANG_ANALYZER_NONNULL = YES;
				CLANG_ANALYZER_NUMBER_OBJECT_CONVERSION = YES_AGGRESSIVE;
				CLANG_CXX_LANGUAGE_STANDARD = "gnu++14";
				CLANG_CXX_LIBRARY = "libc++";
				CLANG_ENABLE_MODULES = YES;
				CLANG_ENABLE_OBJC_ARC = YES;
				CLANG_ENABLE_OBJC_WEAK = YES;
				CLANG_WARN_BLOCK_CAPTURE_AUTORELEASING = YES;
				CLANG_WARN_BOOL_CONVERSION = YES;
				CLANG_WARN_COMMA = YES;
				CLANG_WARN_CONSTANT_CONVERSION = YES;
				CLANG_WARN_DEPRECATED_OBJC_IMPLEMENTATIONS = YES;
				CLANG_WARN_DIRECT_OBJC_ISA_USAGE = YES_ERROR;
				CLANG_WARN_DOCUMENTATION_COMMENTS = YES;
				CLANG_WARN_EMPTY_BODY = YES;
				CLANG_WARN_ENUM_CONVERSION = YES;
				CLANG_WARN_INFINITE_RECURSION = YES;
				CLANG_WARN_INT_CONVERSION = YES;
				CLANG_WARN_NON_LITERAL_NULL_CONVERSION = YES;
				CLANG_WARN_OBJC_IMPLICIT_RETAIN_SELF = YES;
				CLANG_WARN_OBJC_LITERAL_CONVERSION = YES;
				CLANG_WARN_OBJC_ROOT_CLASS = YES_ERROR;
				CLANG_WARN_RANGE_LOOP_ANALYSIS = YES;
				CLANG_WARN_STRICT_PROTOTYPES = YES;
				CLANG_WARN_SUSPICIOUS_MOVE = YES;
				CLANG_WARN_UNGUARDED_AVAILABILITY = YES_AGGRESSIVE;
				CLANG_WARN_UNREACHABLE_CODE = YES;
				CLANG_WARN__DUPLICATE_METHOD_MATCH = YES;
				CODE_SIGN_IDENTITY = "iPhone Developer";
				COPY_PHASE_STRIP = NO;
				DEBUG_INFORMATION_FORMAT = "dwarf-with-dsym";
				ENABLE_NS_ASSERTIONS = NO;
				ENABLE_STRICT_OBJC_MSGSEND = YES;
				GCC_C_LANGUAGE_STANDARD = gnu11;
				GCC_NO_COMMON_BLOCKS = YES;
				GCC_WARN_64_TO_32_BIT_CONVERSION = YES;
				GCC_WARN_ABOUT_RETURN_TYPE = YES_ERROR;
				GCC_WARN_UNDECLARED_SELECTOR = YES;
				GCC_WARN_UNINITIALIZED_AUTOS = YES_AGGRESSIVE;
				GCC_WARN_UNUSED_FUNCTION = YES;
				GCC_WARN_UNUSED_VARIABLE = YES;
				IPHONEOS_DEPLOYMENT_TARGET = 11.4;
				MTL_ENABLE_DEBUG_INFO = NO;
				SDKROOT = iphoneos;
				SWIFT_COMPILATION_MODE = wholemodule;
				SWIFT_OPTIMIZATION_LEVEL = "-O";
				VALIDATE_PRODUCT = YES;
			};
			name = Release;
		};
		1F478129213889B400DB1CC0 /* Debug */ = {
			isa = XCBuildConfiguration;
			buildSettings = {
				ASSETCATALOG_COMPILER_APPICON_NAME = AppIcon;
				CODE_SIGN_STYLE = Automatic;
				DEVELOPMENT_TEAM = 473SHKFLJ4;
				INFOPLIST_FILE = Binary/Info.plist;
				LD_RUNPATH_SEARCH_PATHS = (
					"$(inherited)",
					"@executable_path/Frameworks",
				);
				PRODUCT_BUNDLE_IDENTIFIER = com.UpscaleApps.Binary;
				PRODUCT_NAME = "$(TARGET_NAME)";
				SWIFT_VERSION = 4.0;
				TARGETED_DEVICE_FAMILY = "1,2";
			};
			name = Debug;
		};
		1F47812A213889B400DB1CC0 /* Release */ = {
			isa = XCBuildConfiguration;
			buildSettings = {
				ASSETCATALOG_COMPILER_APPICON_NAME = AppIcon;
				CODE_SIGN_STYLE = Automatic;
				DEVELOPMENT_TEAM = 473SHKFLJ4;
				INFOPLIST_FILE = Binary/Info.plist;
				LD_RUNPATH_SEARCH_PATHS = (
					"$(inherited)",
					"@executable_path/Frameworks",
				);
				PRODUCT_BUNDLE_IDENTIFIER = com.UpscaleApps.Binary;
				PRODUCT_NAME = "$(TARGET_NAME)";
				SWIFT_VERSION = 4.0;
				TARGETED_DEVICE_FAMILY = "1,2";
			};
			name = Release;
		};
/* End XCBuildConfiguration section */

/* Begin XCConfigurationList section */
		1F478111213889B300DB1CC0 /* Build configuration list for PBXProject "Binary" */ = {
			isa = XCConfigurationList;
			buildConfigurations = (
				1F478126213889B400DB1CC0 /* Debug */,
				1F478127213889B400DB1CC0 /* Release */,
			);
			defaultConfigurationIsVisible = 0;
			defaultConfigurationName = Release;
		};
		1F478128213889B400DB1CC0 /* Build configuration list for PBXNativeTarget "Binary" */ = {
			isa = XCConfigurationList;
			buildConfigurations = (
				1F478129213889B400DB1CC0 /* Debug */,
				1F47812A213889B400DB1CC0 /* Release */,
			);
			defaultConfigurationIsVisible = 0;
			defaultConfigurationName = Release;
		};
/* End XCConfigurationList section */
	};
	rootObject = 1F47810E213889B300DB1CC0 /* Project object */;
}
